
Microsoft Visual Studio Solution File, Format Version 12.00
# Visual Studio Version 16
VisualStudioVersion = 16.0.30503.244
MinimumVisualStudioVersion = 10.0.40219.1
Project("{FAE04EC0-301F-11D3-BF4B-00C04F79EFBC}") = "WebApi", "WebApi\WebApi.csproj", "{575101A3-F938-4FA4-9FB2-C97E98F6F839}"
EndProject
Global
	GlobalSection(SolutionConfigurationPlatforms) = preSolution
		Debug|Any CPU = Debug|Any CPU
		Release|Any CPU = Release|Any CPU
	EndGlobalSection
	GlobalSection(ProjectConfigurationPlatforms) = postSolution
		{575101A3-F938-4FA4-9FB2-C97E98F6F839}.Debug|Any CPU.ActiveCfg = Debug|Any CPU
		{575101A3-F938-4FA4-9FB2-C97E98F6F839}.Debug|Any CPU.Build.0 = Debug|Any CPU
		{575101A3-F938-4FA4-9FB2-C97E98F6F839}.Release|Any CPU.ActiveCfg = Release|Any CPU
		{575101A3-F938-4FA4-9FB2-C97E98F6F839}.Release|Any CPU.Build.0 = Release|Any CPU
	EndGlobalSection
	GlobalSection(SolutionProperties) = preSolution
		HideSolutionNode = FALSE
	EndGlobalSection
	GlobalSection(ExtensibilityGlobals) = postSolution
		SolutionGuid = {1E0F7FAA-FA51-4D66-A6E8-F922448A1680}
	EndGlobalSection
EndGlobal
